
Microsoft Visual Studio Solution File, Format Version 12.00
# Visual Studio Version 17
VisualStudioVersion = 17.11.35327.3
MinimumVisualStudioVersion = 10.0.40219.1
Project("{FAE04EC0-301F-11D3-BF4B-00C04F79EFBC}") = "RiggableDice", "RiggableDice\RiggableDice.csproj", "{BDF57724-9D82-4BB7-B949-73AEC030C524}"
EndProject
Global
	GlobalSection(SolutionConfigurationPlatforms) = preSolution
		Debug|Any CPU = Debug|Any CPU
		Release|Any CPU = Release|Any CPU
	EndGlobalSection
	GlobalSection(ProjectConfigurationPlatforms) = postSolution
		{BDF57724-9D82-4BB7-B949-73AEC030C524}.Debug|Any CPU.ActiveCfg = Debug|Any CPU
		{BDF57724-9D82-4BB7-B949-73AEC030C524}.Debug|Any CPU.Build.0 = Debug|Any CPU
		{BDF57724-9D82-4BB7-B949-73AEC030C524}.Release|Any CPU.ActiveCfg = Release|Any CPU
		{BDF57724-9D82-4BB7-B949-73AEC030C524}.Release|Any CPU.Build.0 = Release|Any CPU
	EndGlobalSection
	GlobalSection(SolutionProperties) = preSolution
		HideSolutionNode = FALSE
	EndGlobalSection
	GlobalSection(ExtensibilityGlobals) = postSolution
		SolutionGuid = {05399CDF-29B6-4CF3-A3BB-48DD90A53AB3}
	EndGlobalSection
EndGlobal
